
Microsoft Visual Studio Solution File, Format Version 12.00
# Visual Studio Version 17
VisualStudioVersion = 17.6.33829.357
MinimumVisualStudioVersion = 10.0.40219.1
Project("{FAE04EC0-301F-11D3-BF4B-00C04F79EFBC}") = "tabcontrolful", "tabcontrolful\tabcontrolful.csproj", "{8D1C4C8E-CF23-4D6A-BF5E-0C0301805A72}"
EndProject
Global
	GlobalSection(SolutionConfigurationPlatforms) = preSolution
		Debug|Any CPU = Debug|Any CPU
		Release|Any CPU = Release|Any CPU
	EndGlobalSection
	GlobalSection(ProjectConfigurationPlatforms) = postSolution
		{8D1C4C8E-CF23-4D6A-BF5E-0C0301805A72}.Debug|Any CPU.ActiveCfg = Debug|Any CPU
		{8D1C4C8E-CF23-4D6A-BF5E-0C0301805A72}.Debug|Any CPU.Build.0 = Debug|Any CPU
		{8D1C4C8E-CF23-4D6A-BF5E-0C0301805A72}.Release|Any CPU.ActiveCfg = Release|Any CPU
		{8D1C4C8E-CF23-4D6A-BF5E-0C0301805A72}.Release|Any CPU.Build.0 = Release|Any CPU
	EndGlobalSection
	GlobalSection(SolutionProperties) = preSolution
		HideSolutionNode = FALSE
	EndGlobalSection
	GlobalSection(ExtensibilityGlobals) = postSolution
		SolutionGuid = {FE14DDC5-DFB9-4A3A-9E64-41E2101CF8E7}
	EndGlobalSection
EndGlobal
